{"version":4,"terraform_version":"1.9.1","serial":3,"lineage":"c508146b-dd16-77ea-fef4-c5025a404eea","outputs":{"growthbook_attribute_test":{"value":{"archived":false,"datatype":"enum","description":"simple desc","enum_values":"test1,test2,test3","format":"","id":"test","projects":[],"property":"test"},"type":["object",{"archived":"bool","datatype":"string","description":"string","enum_values":"string","format":"string","id":"string","projects":["list","string"],"property":"string"}]}},"resources":[{"mode":"data","type":"growthbook_attribute","name":"test_data","provider":"provider[\"local/growthbook/growthbook\"]","instances":[{"schema_version":0,"attributes":{"archived":false,"datatype":"enum","description":"simple desc","enum_values":"test1,test2,test3","format":"","id":"test","projects":[],"property":"test"},"sensitive_attributes":[]}]},{"mode":"managed","type":"growthbook_attribute","name":"test","provider":"provider[\"local/growthbook/growthbook\"]","instances":[{"schema_version":0,"attributes":{"archived":false,"datatype":"enum","description":"simple desc","enum_values":"test1,test2,test3","format":"","id":"test","projects":null,"property":"test"},"sensitive_attributes":[],"private":"bnVsbA=="}]}],"check_results":null}
